
Microsoft Visual Studio Solution File, Format Version 12.00
# Visual Studio Version 17
VisualStudioVersion = 17.8.34316.72
MinimumVisualStudioVersion = 10.0.40219.1
Project("{FAE04EC0-301F-11D3-BF4B-00C04F79EFBC}") = "StatikMVC", "StatikMVC\StatikMVC.csproj", "{872BB356-59B2-4CE1-97DA-B19109C8BC1B}"
EndProject
Global
	GlobalSection(SolutionConfigurationPlatforms) = preSolution
		Debug|Any CPU = Debug|Any CPU
		Release|Any CPU = Release|Any CPU
	EndGlobalSection
	GlobalSection(ProjectConfigurationPlatforms) = postSolution
		{872BB356-59B2-4CE1-97DA-B19109C8BC1B}.Debug|Any CPU.ActiveCfg = Debug|Any CPU
		{872BB356-59B2-4CE1-97DA-B19109C8BC1B}.Debug|Any CPU.Build.0 = Debug|Any CPU
		{872BB356-59B2-4CE1-97DA-B19109C8BC1B}.Release|Any CPU.ActiveCfg = Release|Any CPU
		{872BB356-59B2-4CE1-97DA-B19109C8BC1B}.Release|Any CPU.Build.0 = Release|Any CPU
	EndGlobalSection
	GlobalSection(SolutionProperties) = preSolution
		HideSolutionNode = FALSE
	EndGlobalSection
	GlobalSection(ExtensibilityGlobals) = postSolution
		SolutionGuid = {B86D8D99-981B-4B59-B497-E86A080D2007}
	EndGlobalSection
EndGlobal
